
Microsoft Visual Studio Solution File, Format Version 12.00
# Visual Studio Version 16
VisualStudioVersion = 16.0.31911.196
MinimumVisualStudioVersion = 10.0.40219.1
Project("{FAE04EC0-301F-11D3-BF4B-00C04F79EFBC}") = "tamrin2", "tamrin2\tamrin2.csproj", "{580B9732-D713-4A20-8ADD-FD79D3FEBC82}"
EndProject
Global
	GlobalSection(SolutionConfigurationPlatforms) = preSolution
		Debug|Any CPU = Debug|Any CPU
		Release|Any CPU = Release|Any CPU
	EndGlobalSection
	GlobalSection(ProjectConfigurationPlatforms) = postSolution
		{580B9732-D713-4A20-8ADD-FD79D3FEBC82}.Debug|Any CPU.ActiveCfg = Debug|Any CPU
		{580B9732-D713-4A20-8ADD-FD79D3FEBC82}.Debug|Any CPU.Build.0 = Debug|Any CPU
		{580B9732-D713-4A20-8ADD-FD79D3FEBC82}.Release|Any CPU.ActiveCfg = Release|Any CPU
		{580B9732-D713-4A20-8ADD-FD79D3FEBC82}.Release|Any CPU.Build.0 = Release|Any CPU
	EndGlobalSection
	GlobalSection(SolutionProperties) = preSolution
		HideSolutionNode = FALSE
	EndGlobalSection
	GlobalSection(ExtensibilityGlobals) = postSolution
		SolutionGuid = {ADFD7B26-BD6A-45E5-848B-D7FFE58C0F16}
	EndGlobalSection
EndGlobal
